
Microsoft Visual Studio Solution File, Format Version 12.00
# Visual Studio 15
Project("{FAE04EC0-301F-11D3-BF4B-00C04F79EFBC}") = "Assembly-CSharp", "Assembly-CSharp.csproj", "{A77DEB61-50BA-3D2B-BA85-CD07C2DB2C66}"
EndProject
Project("{FAE04EC0-301F-11D3-BF4B-00C04F79EFBC}") = "Assembly-CSharp-firstpass", "Assembly-CSharp-firstpass.csproj", "{7405B0C2-8C09-B5F9-1158-26143DD6F644}"
EndProject
Project("{FAE04EC0-301F-11D3-BF4B-00C04F79EFBC}") = "Runtime", "Runtime.csproj", "{BFDADFE4-497D-8EEC-D3A7-DD9C410E824F}"
EndProject
Project("{FAE04EC0-301F-11D3-BF4B-00C04F79EFBC}") = "MackySoft.SerializeReferenceExtensions", "MackySoft.SerializeReferenceExtensions.csproj", "{BC4D35FB-B2B1-108A-622B-C239E051FBC4}"
EndProject
Project("{FAE04EC0-301F-11D3-BF4B-00C04F79EFBC}") = "MackySoft.SerializeReferenceExtensions.Editor", "MackySoft.SerializeReferenceExtensions.Editor.csproj", "{AFA1AA7F-5872-57ED-E3CD-DDA7FBD5B8E9}"
EndProject
Project("{FAE04EC0-301F-11D3-BF4B-00C04F79EFBC}") = "Assembly-CSharp-Editor", "Assembly-CSharp-Editor.csproj", "{DB0005D0-E46F-236E-2F57-76542FED5F47}"
EndProject
Project("{FAE04EC0-301F-11D3-BF4B-00C04F79EFBC}") = "Editor", "Editor.csproj", "{226079B5-72C0-6FC4-E205-BC7F41BF845E}"
EndProject
Project("{FAE04EC0-301F-11D3-BF4B-00C04F79EFBC}") = "Assembly-CSharpTests", "..\Assembly-CSharpTests\Assembly-CSharpTests.csproj", "{3D301E47-BC98-4903-89AD-2F58B6006974}"
EndProject
Global
	GlobalSection(SolutionConfigurationPlatforms) = preSolution
		Debug|Any CPU = Debug|Any CPU
		Release|Any CPU = Release|Any CPU
	EndGlobalSection
	GlobalSection(ProjectConfigurationPlatforms) = postSolution
		{A77DEB61-50BA-3D2B-BA85-CD07C2DB2C66}.Debug|Any CPU.ActiveCfg = Debug|Any CPU
		{A77DEB61-50BA-3D2B-BA85-CD07C2DB2C66}.Debug|Any CPU.Build.0 = Debug|Any CPU
		{A77DEB61-50BA-3D2B-BA85-CD07C2DB2C66}.Release|Any CPU.ActiveCfg = Release|Any CPU
		{A77DEB61-50BA-3D2B-BA85-CD07C2DB2C66}.Release|Any CPU.Build.0 = Release|Any CPU
		{7405B0C2-8C09-B5F9-1158-26143DD6F644}.Debug|Any CPU.ActiveCfg = Debug|Any CPU
		{7405B0C2-8C09-B5F9-1158-26143DD6F644}.Debug|Any CPU.Build.0 = Debug|Any CPU
		{7405B0C2-8C09-B5F9-1158-26143DD6F644}.Release|Any CPU.ActiveCfg = Release|Any CPU
		{7405B0C2-8C09-B5F9-1158-26143DD6F644}.Release|Any CPU.Build.0 = Release|Any CPU
		{BFDADFE4-497D-8EEC-D3A7-DD9C410E824F}.Debug|Any CPU.ActiveCfg = Debug|Any CPU
		{BFDADFE4-497D-8EEC-D3A7-DD9C410E824F}.Debug|Any CPU.Build.0 = Debug|Any CPU
		{BFDADFE4-497D-8EEC-D3A7-DD9C410E824F}.Release|Any CPU.ActiveCfg = Release|Any CPU
		{BFDADFE4-497D-8EEC-D3A7-DD9C410E824F}.Release|Any CPU.Build.0 = Release|Any CPU
		{BC4D35FB-B2B1-108A-622B-C239E051FBC4}.Debug|Any CPU.ActiveCfg = Debug|Any CPU
		{BC4D35FB-B2B1-108A-622B-C239E051FBC4}.Debug|Any CPU.Build.0 = Debug|Any CPU
		{BC4D35FB-B2B1-108A-622B-C239E051FBC4}.Release|Any CPU.ActiveCfg = Release|Any CPU
		{BC4D35FB-B2B1-108A-622B-C239E051FBC4}.Release|Any CPU.Build.0 = Release|Any CPU
		{AFA1AA7F-5872-57ED-E3CD-DDA7FBD5B8E9}.Debug|Any CPU.ActiveCfg = Debug|Any CPU
		{AFA1AA7F-5872-57ED-E3CD-DDA7FBD5B8E9}.Debug|Any CPU.Build.0 = Debug|Any CPU
		{AFA1AA7F-5872-57ED-E3CD-DDA7FBD5B8E9}.Release|Any CPU.ActiveCfg = Release|Any CPU
		{AFA1AA7F-5872-57ED-E3CD-DDA7FBD5B8E9}.Release|Any CPU.Build.0 = Release|Any CPU
		{DB0005D0-E46F-236E-2F57-76542FED5F47}.Debug|Any CPU.ActiveCfg = Debug|Any CPU
		{DB0005D0-E46F-236E-2F57-76542FED5F47}.Debug|Any CPU.Build.0 = Debug|Any CPU
		{DB0005D0-E46F-236E-2F57-76542FED5F47}.Release|Any CPU.ActiveCfg = Release|Any CPU
		{DB0005D0-E46F-236E-2F57-76542FED5F47}.Release|Any CPU.Build.0 = Release|Any CPU
		{226079B5-72C0-6FC4-E205-BC7F41BF845E}.Debug|Any CPU.ActiveCfg = Debug|Any CPU
		{226079B5-72C0-6FC4-E205-BC7F41BF845E}.Debug|Any CPU.Build.0 = Debug|Any CPU
		{226079B5-72C0-6FC4-E205-BC7F41BF845E}.Release|Any CPU.ActiveCfg = Release|Any CPU
		{226079B5-72C0-6FC4-E205-BC7F41BF845E}.Release|Any CPU.Build.0 = Release|Any CPU
		{3D301E47-BC98-4903-89AD-2F58B6006974}.Debug|Any CPU.ActiveCfg = Debug|Any CPU
		{3D301E47-BC98-4903-89AD-2F58B6006974}.Debug|Any CPU.Build.0 = Debug|Any CPU
		{3D301E47-BC98-4903-89AD-2F58B6006974}.Release|Any CPU.ActiveCfg = Release|Any CPU
		{3D301E47-BC98-4903-89AD-2F58B6006974}.Release|Any CPU.Build.0 = Release|Any CPU
	EndGlobalSection
	GlobalSection(SolutionProperties) = preSolution
		HideSolutionNode = FALSE
	EndGlobalSection
EndGlobal
